{
    "_meta": {
        "hash": {
            "sha256": "38691f6eb1cf3eafa8027d91b0eb18e3b5e438796a608ab26f4ac1589663c0a4"
        },
        "pipfile-spec": 6,
        "requires": {
            "python_version": "3.10"
        },
        "sources": [
            {
                "name": "pypi",
                "url": "https://pypi.org/simple",
                "verify_ssl": true
            }
        ]
    },
    "default": {
        "certifi": {
            "hashes": [
                "sha256:36973885b9542e6bd01dea287b2b4b3b21236307c56324fcc3f1160f2d655ed5",
                "sha256:e232343de1ab72c2aa521b625c80f699e356830fd0e2c620b465b304b17b0516"
            ],
            "markers": "python_version >= '3.6'",
            "version": "==2022.9.14"
        },
        "haversine": {
            "hashes": [
                "sha256:4fdf9aebb4cc59c7de6fcb06f7afa6ab54720c5d9c91dac8c173b9213920434c",
                "sha256:9dd62c95bff9c43eb898604625e80db68b8b9e91a5111338f55ebcf470dd5a3d"
            ],
            "index": "pypi",
            "version": "==2.7.0"
        },
        "paho-mqtt": {
            "hashes": [
                "sha256:2a8291c81623aec00372b5a85558a372c747cbca8e9934dfe218638b8eefc26f"
            ],
            "index": "pypi",
            "version": "==1.6.1"
        },
        "pyproj": {
            "hashes": [
                "sha256:0fff9c3a991508f16027be27d153f6c5583d03799443639d13c681e60f49e2d7",
                "sha256:12f62c20656ac9b6076ebb213e9a635d52f4f01fef95310121d337e62e910cb6",
                "sha256:14ad113b5753c6057f9b2f3c85a6497cef7fa237c4328f2943c0223e98c1dde6",
                "sha256:1f9c100fd0fd80edbc7e4daa303600a8cbef6f0de43d005617acb38276b88dc0",
                "sha256:221d8939685e0c43ee594c9f04b6a73a10e8e1cc0e85f28be0b4eb2f1bc8777d",
                "sha256:25a36e297f3e0524694d40259e3e895edc1a47492a0e30608268ffc1328e3f5d",
                "sha256:2cb8592259ea54e7557523b079d3f2304081680bdb48bfbf0fd879ee6156129c",
                "sha256:3b85acf09e5a9e35cd9ee72989793adb7089b4e611be02a43d3d0bda50ad116b",
                "sha256:45554f47d1a12a84b0620e4abc08a2a1b5d9f273a4759eaef75e74788ec7162a",
                "sha256:4688b4cd62cbd86b5e855f9e27d90fbb53f2b4c2ea1cd394a46919e1a4151b89",
                "sha256:47ad53452ae1dc8b0bf1df920a210bb5616989085aa646592f8681f1d741a754",
                "sha256:48787962232109bad8b72e27949037a9b03591228a6955f25dbe451233e8648a",
                "sha256:4a23d84c5ffc383c7d9f0bde3a06fc1f6697b1b96725597f8f01e7b4bef0a2b5",
                "sha256:4e161114bc92701647a83c4bbce79489984f12d980cabb365516e953d1450885",
                "sha256:4fd425ee8b6781c249c7adb7daa2e6c41ce573afabe4f380f5eecd913b56a3be",
                "sha256:52e54796e2d9554a5eb8f11df4748af1fbbc47f76aa234d6faf09216a84554c5",
                "sha256:5816807ca0bdc7256558770c6206a6783a3f02bcf844f94ee245f197bb5f7285",
                "sha256:65a0bcdbad95b3c00b419e5d75b1f7e450ec17349b5ea16bf7438ac1d50a12a2",
                "sha256:77d5f519f3cdb94b026ecca626f78db4f041afe201cf082079c8c0092a30b087",
                "sha256:82200b4569d68b421c079d2973475b58d5959306fe758b43366e79fe96facfe5",
                "sha256:954b068136518b3174d0a99448056e97af62b63392a95c420894f7de2229dae6",
                "sha256:9a496d9057b2128db9d733e66b206f2d5954bbae6b800d412f562d780561478c",
                "sha256:a454a7c4423faa2a14e939d08ef293ee347fa529c9df79022b0585a6e1d8310c",
                "sha256:a708445927ace9857f52c3ba67d2915da7b41a8fdcd9b8f99a4c9ed60a75eb33",
                "sha256:aa5171f700f174777a9e9ed8f4655583243967c0f9cf2c90e3f54e54ff740134",
                "sha256:ccb4b70ad25218027f77e0c8934d10f9b7cdf91d5e64080147743d58fddbc3c0",
                "sha256:d94afed99f31673d3d19fe750283621e193e2a53ca9e0443bf9d092c3905833b",
                "sha256:e7e609903572a56cca758bbaee5c1663c3e829ddce5eec4f368e68277e37022b",
                "sha256:f343725566267a296b09ee7e591894f1fdc90f84f8ad5ec476aeb53bd4479c07",
                "sha256:f80adda8c54b84271a93829477a01aa57bc178c834362e9f74e1de1b5033c74c"
            ],
            "index": "pypi",
            "version": "==3.4.0"
        }
    },
    "develop": {}
}
